# This file is autogenerated, do not edit; changes may be undone by the next 'dep ensure'.


[[projects]]
  name = "github.com/gchaincl/dotsql"
  packages = ["."]
  revision = "5487b6a5fc12870425fc14d9e05a3fabddd91d7e"
  version = "v0.1.0"

[[projects]]
  name = "github.com/pkg/errors"
  packages = ["."]
  revision = "645ef00459ed84a119197bfb8d8205042c6df63d"
  version = "v0.8.0"

[solve-meta]
  analyzer-name = "dep"
  analyzer-version = 1
  inputs-digest = "0f572fa5be753ed5ee89a2b86985e217c14d348a4059ca0a69a2dfdd0fb3782e"
  solver-name = "gps-cdcl"
  solver-version = 1
